// !$*UTF8*$!
{
	archiveVersion = 1;
	classes = {
	};
	objectVersion = 50;
	objects = {

/* Begin PBXBuildFile section */
		AA9A8A612108581700651711 /* AppDelegate.m in Sources */ = {isa = PBXBuildFile; fileRef = AA9A8A602108581700651711 /* AppDelegate.m */; };
		AA9A8A642108581700651711 /* ViewController.m in Sources */ = {isa = PBXBuildFile; fileRef = AA9A8A632108581700651711 /* ViewController.m */; };
		AA9A8A672108581700651711 /* Main.storyboard in Resources */ = {isa = PBXBuildFile; fileRef = AA9A8A652108581700651711 /* Main.storyboard */; };
		AA9A8A692108581A00651711 /* Assets.xcassets in Resources */ = {isa = PBXBuildFile; fileRef = AA9A8A682108581A00651711 /* Assets.xcassets */; };
		AA9A8A6C2108581A00651711 /* LaunchScreen.storyboard in Resources */ = {isa = PBXBuildFile; fileRef = AA9A8A6A2108581A00651711 /* LaunchScreen.storyboard */; };
		AA9A8A6F2108581A00651711 /* main.m in Sources */ = {isa = PBXBuildFile; fileRef = AA9A8A6E2108581A00651711 /* main.m */; };
		AA9A8A80210858AC00651711 /* DFCalculatorNumberFormatter.m in Sources */ = {isa = PBXBuildFile; fileRef = AA9A8A76210858AB00651711 /* DFCalculatorNumberFormatter.m */; };
		AA9A8A81210858AC00651711 /* NSDecimalNumber+DFCalculator.m in Sources */ = {isa = PBXBuildFile; fileRef = AA9A8A77210858AB00651711 /* NSDecimalNumber+DFCalculator.m */; };
		AA9A8A82210858AC00651711 /* NSString+DFCalculator.m in Sources */ = {isa = PBXBuildFile; fileRef = AA9A8A78210858AB00651711 /* NSString+DFCalculator.m */; };
		AA9A8A83210858AC00651711 /* NSMutableArray+DFCalculator.m in Sources */ = {isa = PBXBuildFile; fileRef = AA9A8A79210858AB00651711 /* NSMutableArray+DFCalculator.m */; };
		AA9A8A84210858AC00651711 /* DFCalculatorBrain.m in Sources */ = {isa = PBXBuildFile; fileRef = AA9A8A7B210858AB00651711 /* DFCalculatorBrain.m */; };
		AA9A8A862108624200651711 /* DFCalculatorBrain.podspec in Resources */ = {isa = PBXBuildFile; fileRef = AA9A8A852108624200651711 /* DFCalculatorBrain.podspec */; };
/* End PBXBuildFile section */

/* Begin PBXFileReference section */
		AA9A8A5C2108581700651711 /* Calculator.app */ = {isa = PBXFileReference; explicitFileType = wrapper.application; includeInIndex = 0; path = Calculator.app; sourceTree = BUILT_PRODUCTS_DIR; };
		AA9A8A5F2108581700651711 /* AppDelegate.h */ = {isa = PBXFileReference; lastKnownFileType = sourcecode.c.h; path = AppDelegate.h; sourceTree = "<group>"; };
		AA9A8A602108581700651711 /* AppDelegate.m */ = {isa = PBXFileReference; lastKnownFileType = sourcecode.c.objc; path = AppDelegate.m; sourceTree = "<group>"; };
		AA9A8A622108581700651711 /* ViewController.h */ = {isa = PBXFileReference; lastKnownFileType = sourcecode.c.h; path = ViewController.h; sourceTree = "<group>"; };
		AA9A8A632108581700651711 /* ViewController.m */ = {isa = PBXFileReference; lastKnownFileType = sourcecode.c.objc; path = ViewController.m; sourceTree = "<group>"; };
		AA9A8A662108581700651711 /* Base */ = {isa = PBXFileReference; lastKnownFileType = file.storyboard; name = Base; path = Base.lproj/Main.storyboard; sourceTree = "<group>"; };
		AA9A8A682108581A00651711 /* Assets.xcassets */ = {isa = PBXFileReference; lastKnownFileType = folder.assetcatalog; path = Assets.xcassets; sourceTree = "<group>"; };
		AA9A8A6B2108581A00651711 /* Base */ = {isa = PBXFileReference; lastKnownFileType = file.storyboard; name = Base; path = Base.lproj/LaunchScreen.storyboard; sourceTree = "<group>"; };
		AA9A8A6D2108581A00651711 /* Info.plist */ = {isa = PBXFileReference; lastKnownFileType = text.plist.xml; path = Info.plist; sourceTree = "<group>"; };
		AA9A8A6E2108581A00651711 /* main.m */ = {isa = PBXFileReference; lastKnownFileType = sourcecode.c.objc; path = main.m; sourceTree = "<group>"; };
		AA9A8A76210858AB00651711 /* DFCalculatorNumberFormatter.m */ = {isa = PBXFileReference; fileEncoding = 4; lastKnownFileType = sourcecode.c.objc; path = DFCalculatorNumberFormatter.m; sourceTree = "<group>"; };
		AA9A8A77210858AB00651711 /* NSDecimalNumber+DFCalculator.m */ = {isa = PBXFileReference; fileEncoding = 4; lastKnownFileType = sourcecode.c.objc; path = "NSDecimalNumber+DFCalculator.m"; sourceTree = "<group>"; };
		AA9A8A78210858AB00651711 /* NSString+DFCalculator.m */ = {isa = PBXFileReference; fileEncoding = 4; lastKnownFileType = sourcecode.c.objc; path = "NSString+DFCalculator.m"; sourceTree = "<group>"; };
		AA9A8A79210858AB00651711 /* NSMutableArray+DFCalculator.m */ = {isa = PBXFileReference; fileEncoding = 4; lastKnownFileType = sourcecode.c.objc; path = "NSMutableArray+DFCalculator.m"; sourceTree = "<group>"; };
		AA9A8A7A210858AB00651711 /* NSMutableArray+DFCalculator.h */ = {isa = PBXFileReference; fileEncoding = 4; lastKnownFileType = sourcecode.c.h; path = "NSMutableArray+DFCalculator.h"; sourceTree = "<group>"; };
		AA9A8A7B210858AB00651711 /* DFCalculatorBrain.m */ = {isa = PBXFileReference; fileEncoding = 4; lastKnownFileType = sourcecode.c.objc; path = DFCalculatorBrain.m; sourceTree = "<group>"; };
		AA9A8A7C210858AB00651711 /* NSDecimalNumber+DFCalculator.h */ = {isa = PBXFileReference; fileEncoding = 4; lastKnownFileType = sourcecode.c.h; path = "NSDecimalNumber+DFCalculator.h"; sourceTree = "<group>"; };
		AA9A8A7D210858AB00651711 /* DFCalculatorNumberFormatter.h */ = {isa = PBXFileReference; fileEncoding = 4; lastKnownFileType = sourcecode.c.h; path = DFCalculatorNumberFormatter.h; sourceTree = "<group>"; };
		AA9A8A7E210858AB00651711 /* DFCalculatorBrain.h */ = {isa = PBXFileReference; fileEncoding = 4; lastKnownFileType = sourcecode.c.h; path = DFCalculatorBrain.h; sourceTree = "<group>"; };
		AA9A8A7F210858AC00651711 /* NSString+DFCalculator.h */ = {isa = PBXFileReference; fileEncoding = 4; lastKnownFileType = sourcecode.c.h; path = "NSString+DFCalculator.h"; sourceTree = "<group>"; };
		AA9A8A852108624200651711 /* DFCalculatorBrain.podspec */ = {isa = PBXFileReference; fileEncoding = 4; lastKnownFileType = text; path = DFCalculatorBrain.podspec; sourceTree = "<group>"; };
/* End PBXFileReference section */

/* Begin PBXFrameworksBuildPhase section */
		AA9A8A592108581700651711 /* Frameworks */ = {
			isa = PBXFrameworksBuildPhase;
			buildActionMask = 2147483647;
			files = (
			);
			runOnlyForDeploymentPostprocessing = 0;
		};
/* End PBXFrameworksBuildPhase section */

/* Begin PBXGroup section */
		AA9A8A532108581700651711 = {
			isa = PBXGroup;
			children = (
				AA9A8A852108624200651711 /* DFCalculatorBrain.podspec */,
				AA9A8A5E2108581700651711 /* Calculator */,
				AA9A8A5D2108581700651711 /* Products */,
			);
			sourceTree = "<group>";
		};
		AA9A8A5D2108581700651711 /* Products */ = {
			isa = PBXGroup;
			children = (
				AA9A8A5C2108581700651711 /* Calculator.app */,
			);
			name = Products;
			sourceTree = "<group>";
		};
		AA9A8A5E2108581700651711 /* Calculator */ = {
			isa = PBXGroup;
			children = (
				AA9A8A752108586200651711 /* CalculatorBrain */,
				AA9A8A5F2108581700651711 /* AppDelegate.h */,
				AA9A8A602108581700651711 /* AppDelegate.m */,
				AA9A8A622108581700651711 /* ViewController.h */,
				AA9A8A632108581700651711 /* ViewController.m */,
				AA9A8A652108581700651711 /* Main.storyboard */,
				AA9A8A682108581A00651711 /* Assets.xcassets */,
				AA9A8A6A2108581A00651711 /* LaunchScreen.storyboard */,
				AA9A8A6D2108581A00651711 /* Info.plist */,
				AA9A8A6E2108581A00651711 /* main.m */,
			);
			path = Calculator;
			sourceTree = "<group>";
		};
		AA9A8A752108586200651711 /* CalculatorBrain */ = {
			isa = PBXGroup;
			children = (
				AA9A8A7E210858AB00651711 /* DFCalculatorBrain.h */,
				AA9A8A7B210858AB00651711 /* DFCalculatorBrain.m */,
				AA9A8A7D210858AB00651711 /* DFCalculatorNumberFormatter.h */,
				AA9A8A76210858AB00651711 /* DFCalculatorNumberFormatter.m */,
				AA9A8A7C210858AB00651711 /* NSDecimalNumber+DFCalculator.h */,
				AA9A8A77210858AB00651711 /* NSDecimalNumber+DFCalculator.m */,
				AA9A8A7A210858AB00651711 /* NSMutableArray+DFCalculator.h */,
				AA9A8A79210858AB00651711 /* NSMutableArray+DFCalculator.m */,
				AA9A8A7F210858AC00651711 /* NSString+DFCalculator.h */,
				AA9A8A78210858AB00651711 /* NSString+DFCalculator.m */,
			);
			path = CalculatorBrain;
			sourceTree = "<group>";
		};
/* End PBXGroup section */

/* Begin PBXNativeTarget section */
		AA9A8A5B2108581700651711 /* Calculator */ = {
			isa = PBXNativeTarget;
			buildConfigurationList = AA9A8A722108581A00651711 /* Build configuration list for PBXNativeTarget "Calculator" */;
			buildPhases = (
				AA9A8A582108581700651711 /* Sources */,
				AA9A8A592108581700651711 /* Frameworks */,
				AA9A8A5A2108581700651711 /* Resources */,
			);
			buildRules = (
			);
			dependencies = (
			);
			name = Calculator;
			productName = Calculator;
			productReference = AA9A8A5C2108581700651711 /* Calculator.app */;
			productType = "com.apple.product-type.application";
		};
/* End PBXNativeTarget section */

/* Begin PBXProject section */
		AA9A8A542108581700651711 /* Project object */ = {
			isa = PBXProject;
			attributes = {
				LastUpgradeCheck = 0940;
				ORGANIZATIONNAME = wang;
				TargetAttributes = {
					AA9A8A5B2108581700651711 = {
						CreatedOnToolsVersion = 9.4.1;
					};
				};
			};
			buildConfigurationList = AA9A8A572108581700651711 /* Build configuration list for PBXProject "Calculator" */;
			compatibilityVersion = "Xcode 9.3";
			developmentRegion = en;
			hasScannedForEncodings = 0;
			knownRegions = (
				en,
				Base,
			);
			mainGroup = AA9A8A532108581700651711;
			productRefGroup = AA9A8A5D2108581700651711 /* Products */;
			projectDirPath = "";
			projectRoot = "";
			targets = (
				AA9A8A5B2108581700651711 /* Calculator */,
			);
		};
/* End PBXProject section */

/* Begin PBXResourcesBuildPhase section */
		AA9A8A5A2108581700651711 /* Resources */ = {
			isa = PBXResourcesBuildPhase;
			buildActionMask = 2147483647;
			files = (
				AA9A8A6C2108581A00651711 /* LaunchScreen.storyboard in Resources */,
				AA9A8A862108624200651711 /* DFCalculatorBrain.podspec in Resources */,
				AA9A8A692108581A00651711 /* Assets.xcassets in Resources */,
				AA9A8A672108581700651711 /* Main.storyboard in Resources */,
			);
			runOnlyForDeploymentPostprocessing = 0;
		};
/* End PBXResourcesBuildPhase section */

/* Begin PBXSourcesBuildPhase section */
		AA9A8A582108581700651711 /* Sources */ = {
			isa = PBXSourcesBuildPhase;
			buildActionMask = 2147483647;
			files = (
				AA9A8A81210858AC00651711 /* NSDecimalNumber+DFCalculator.m in Sources */,
				AA9A8A642108581700651711 /* ViewController.m in Sources */,
				AA9A8A80210858AC00651711 /* DFCalculatorNumberFormatter.m in Sources */,
				AA9A8A6F2108581A00651711 /* main.m in Sources */,
				AA9A8A612108581700651711 /* AppDelegate.m in Sources */,
				AA9A8A82210858AC00651711 /* NSString+DFCalculator.m in Sources */,
				AA9A8A84210858AC00651711 /* DFCalculatorBrain.m in Sources */,
				AA9A8A83210858AC00651711 /* NSMutableArray+DFCalculator.m in Sources */,
			);
			runOnlyForDeploymentPostprocessing = 0;
		};
/* End PBXSourcesBuildPhase section */

/* Begin PBXVariantGroup section */
		AA9A8A652108581700651711 /* Main.storyboard */ = {
			isa = PBXVariantGroup;
			children = (
				AA9A8A662108581700651711 /* Base */,
			);
			name = Main.storyboard;
			sourceTree = "<group>";
		};
		AA9A8A6A2108581A00651711 /* LaunchScreen.storyboard */ = {
			isa = PBXVariantGroup;
			children = (
				AA9A8A6B2108581A00651711 /* Base */,
			);
			name = LaunchScreen.storyboard;
			sourceTree = "<group>";
		};
/* End PBXVariantGroup section */

/* Begin XCBuildConfiguration section */
		AA9A8A702108581A00651711 /* Debug */ = {
			isa = XCBuildConfiguration;
			buildSettings = {
				ALWAYS_SEARCH_USER_PATHS = NO;
				CLANG_ANALYZER_NONNULL = YES;
				CLANG_ANALYZER_NUMBER_OBJECT_CONVERSION = YES_AGGRESSIVE;
				CLANG_CXX_LANGUAGE_STANDARD = "gnu++14";
				CLANG_CXX_LIBRARY = "libc++";
				CLANG_ENABLE_MODULES = YES;
				CLANG_ENABLE_OBJC_ARC = YES;
				CLANG_ENABLE_OBJC_WEAK = YES;
				CLANG_WARN_BLOCK_CAPTURE_AUTORELEASING = YES;
				CLANG_WARN_BOOL_CONVERSION = YES;
				CLANG_WARN_COMMA = YES;
				CLANG_WARN_CONSTANT_CONVERSION = YES;
				CLANG_WARN_DEPRECATED_OBJC_IMPLEMENTATIONS = YES;
				CLANG_WARN_DIRECT_OBJC_ISA_USAGE = YES_ERROR;
				CLANG_WARN_DOCUMENTATION_COMMENTS = YES;
				CLANG_WARN_EMPTY_BODY = YES;
				CLANG_WARN_ENUM_CONVERSION = YES;
				CLANG_WARN_INFINITE_RECURSION = YES;
				CLANG_WARN_INT_CONVERSION = YES;
				CLANG_WARN_NON_LITERAL_NULL_CONVERSION = YES;
				CLANG_WARN_OBJC_IMPLICIT_RETAIN_SELF = YES;
				CLANG_WARN_OBJC_LITERAL_CONVERSION = YES;
				CLANG_WARN_OBJC_ROOT_CLASS = YES_ERROR;
				CLANG_WARN_RANGE_LOOP_ANALYSIS = YES;
				CLANG_WARN_STRICT_PROTOTYPES = YES;
				CLANG_WARN_SUSPICIOUS_MOVE = YES;
				CLANG_WARN_UNGUARDED_AVAILABILITY = YES_AGGRESSIVE;
				CLANG_WARN_UNREACHABLE_CODE = YES;
				CLANG_WARN__DUPLICATE_METHOD_MATCH = YES;
				CODE_SIGN_IDENTITY = "iPhone Developer";
				COPY_PHASE_STRIP = NO;
				DEBUG_INFORMATION_FORMAT = dwarf;
				ENABLE_STRICT_OBJC_MSGSEND = YES;
				ENABLE_TESTABILITY = YES;
				GCC_C_LANGUAGE_STANDARD = gnu11;
				GCC_DYNAMIC_NO_PIC = NO;
				GCC_NO_COMMON_BLOCKS = YES;
				GCC_OPTIMIZATION_LEVEL = 0;
				GCC_PREPROCESSOR_DEFINITIONS = (
					"DEBUG=1",
					"$(inherited)",
				);
				GCC_WARN_64_TO_32_BIT_CONVERSION = YES;
				GCC_WARN_ABOUT_RETURN_TYPE = YES_ERROR;
				GCC_WARN_UNDECLARED_SELECTOR = YES;
				GCC_WARN_UNINITIALIZED_AUTOS = YES_AGGRESSIVE;
				GCC_WARN_UNUSED_FUNCTION = YES;
				GCC_WARN_UNUSED_VARIABLE = YES;
				IPHONEOS_DEPLOYMENT_TARGET = 11.4;
				MTL_ENABLE_DEBUG_INFO = YES;
				ONLY_ACTIVE_ARCH = YES;
				SDKROOT = iphoneos;
			};
			name = Debug;
		};
		AA9A8A712108581A00651711 /* Release */ = {
			isa = XCBuildConfiguration;
			buildSettings = {
				ALWAYS_SEARCH_USER_PATHS = NO;
				CLANG_ANALYZER_NONNULL = YES;
				CLANG_ANALYZER_NUMBER_OBJECT_CONVERSION = YES_AGGRESSIVE;
				CLANG_CXX_LANGUAGE_STANDARD = "gnu++14";
				CLANG_CXX_LIBRARY = "libc++";
				CLANG_ENABLE_MODULES = YES;
				CLANG_ENABLE_OBJC_ARC = YES;
				CLANG_ENABLE_OBJC_WEAK = YES;
				CLANG_WARN_BLOCK_CAPTURE_AUTORELEASING = YES;
				CLANG_WARN_BOOL_CONVERSION = YES;
				CLANG_WARN_COMMA = YES;
				CLANG_WARN_CONSTANT_CONVERSION = YES;
				CLANG_WARN_DEPRECATED_OBJC_IMPLEMENTATIONS = YES;
				CLANG_WARN_DIRECT_OBJC_ISA_USAGE = YES_ERROR;
				CLANG_WARN_DOCUMENTATION_COMMENTS = YES;
				CLANG_WARN_EMPTY_BODY = YES;
				CLANG_WARN_ENUM_CONVERSION = YES;
				CLANG_WARN_INFINITE_RECURSION = YES;
				CLANG_WARN_INT_CONVERSION = YES;
				CLANG_WARN_NON_LITERAL_NULL_CONVERSION = YES;
				CLANG_WARN_OBJC_IMPLICIT_RETAIN_SELF = YES;
				CLANG_WARN_OBJC_LITERAL_CONVERSION = YES;
				CLANG_WARN_OBJC_ROOT_CLASS = YES_ERROR;
				CLANG_WARN_RANGE_LOOP_ANALYSIS = YES;
				CLANG_WARN_STRICT_PROTOTYPES = YES;
				CLANG_WARN_SUSPICIOUS_MOVE = YES;
				CLANG_WARN_UNGUARDED_AVAILABILITY = YES_AGGRESSIVE;
				CLANG_WARN_UNREACHABLE_CODE = YES;
				CLANG_WARN__DUPLICATE_METHOD_MATCH = YES;
				CODE_SIGN_IDENTITY = "iPhone Developer";
				COPY_PHASE_STRIP = NO;
				DEBUG_INFORMATION_FORMAT = "dwarf-with-dsym";
				ENABLE_NS_ASSERTIONS = NO;
				ENABLE_STRICT_OBJC_MSGSEND = YES;
				GCC_C_LANGUAGE_STANDARD = gnu11;
				GCC_NO_COMMON_BLOCKS = YES;
				GCC_WARN_64_TO_32_BIT_CONVERSION = YES;
				GCC_WARN_ABOUT_RETURN_TYPE = YES_ERROR;
				GCC_WARN_UNDECLARED_SELECTOR = YES;
				GCC_WARN_UNINITIALIZED_AUTOS = YES_AGGRESSIVE;
				GCC_WARN_UNUSED_FUNCTION = YES;
				GCC_WARN_UNUSED_VARIABLE = YES;
				IPHONEOS_DEPLOYMENT_TARGET = 11.4;
				MTL_ENABLE_DEBUG_INFO = NO;
				SDKROOT = iphoneos;
				VALIDATE_PRODUCT = YES;
			};
			name = Release;
		};
		AA9A8A732108581A00651711 /* Debug */ = {
			isa = XCBuildConfiguration;
			buildSettings = {
				ASSETCATALOG_COMPILER_APPICON_NAME = AppIcon;
				CODE_SIGN_STYLE = Automatic;
				DEVELOPMENT_TEAM = W4M79BF28V;
				INFOPLIST_FILE = Calculator/Info.plist;
				LD_RUNPATH_SEARCH_PATHS = (
					"$(inherited)",
					"@executable_path/Frameworks",
				);
				PRODUCT_BUNDLE_IDENTIFIER = com.wang.calculatorDemo;
				PRODUCT_NAME = "$(TARGET_NAME)";
				TARGETED_DEVICE_FAMILY = "1,2";
			};
			name = Debug;
		};
		AA9A8A742108581A00651711 /* Release */ = {
			isa = XCBuildConfiguration;
			buildSettings = {
				ASSETCATALOG_COMPILER_APPICON_NAME = AppIcon;
				CODE_SIGN_STYLE = Automatic;
				DEVELOPMENT_TEAM = W4M79BF28V;
				INFOPLIST_FILE = Calculator/Info.plist;
				LD_RUNPATH_SEARCH_PATHS = (
					"$(inherited)",
					"@executable_path/Frameworks",
				);
				PRODUCT_BUNDLE_IDENTIFIER = com.wang.calculatorDemo;
				PRODUCT_NAME = "$(TARGET_NAME)";
				TARGETED_DEVICE_FAMILY = "1,2";
			};
			name = Release;
		};
/* End XCBuildConfiguration section */

/* Begin XCConfigurationList section */
		AA9A8A572108581700651711 /* Build configuration list for PBXProject "Calculator" */ = {
			isa = XCConfigurationList;
			buildConfigurations = (
				AA9A8A702108581A00651711 /* Debug */,
				AA9A8A712108581A00651711 /* Release */,
			);
			defaultConfigurationIsVisible = 0;
			defaultConfigurationName = Release;
		};
		AA9A8A722108581A00651711 /* Build configuration list for PBXNativeTarget "Calculator" */ = {
			isa = XCConfigurationList;
			buildConfigurations = (
				AA9A8A732108581A00651711 /* Debug */,
				AA9A8A742108581A00651711 /* Release */,
			);
			defaultConfigurationIsVisible = 0;
			defaultConfigurationName = Release;
		};
/* End XCConfigurationList section */
	};
	rootObject = AA9A8A542108581700651711 /* Project object */;
}
